
Microsoft Visual Studio Solution File, Format Version 12.00
# Visual Studio 14
VisualStudioVersion = 14.0.25123.0
MinimumVisualStudioVersion = 10.0.40219.1
Project("{FAE04EC0-301F-11D3-BF4B-00C04F79EFBC}") = "Engine", "Engine\Engine.csproj", "{9CAE7664-9B7D-42E1-8238-E1802B80ADC7}"
EndProject
Project("{2150E333-8FDC-42A3-9474-1A3956D46DE8}") = "Views", "Views", "{47DBEE45-6B61-4720-8E97-985D93B637A9}"
EndProject
Project("{2150E333-8FDC-42A3-9474-1A3956D46DE8}") = "Apps", "Apps", "{E5A0333E-3A9A-4811-8DD9-0CC200FC5944}"
EndProject
Project("{FAE04EC0-301F-11D3-BF4B-00C04F79EFBC}") = "ConsoleApp", "ConsoleApp\ConsoleApp.csproj", "{E8B4BC60-D3E0-40AF-81FB-C07975343D86}"
EndProject
Project("{FAE04EC0-301F-11D3-BF4B-00C04F79EFBC}") = "ConsoleUI", "ConsoleView\ConsoleUI.csproj", "{9A2E7200-E9B2-4E1B-87E1-70D9251524F5}"
EndProject
Project("{FAE04EC0-301F-11D3-BF4B-00C04F79EFBC}") = "Game", "Game\Game.csproj", "{C273F817-F6E6-43BD-AD96-D6700BA5B219}"
EndProject
Project("{FAE04EC0-301F-11D3-BF4B-00C04F79EFBC}") = "Engine.Test", "Engine.Test\Engine.Test.csproj", "{8EDF4429-251A-416D-BB68-93F227191BCF}"
EndProject
Project("{FAE04EC0-301F-11D3-BF4B-00C04F79EFBC}") = "UI", "UI\UI.csproj", "{84D7FD11-9809-4FE0-8A23-130B7FD043CE}"
EndProject
Project("{2150E333-8FDC-42A3-9474-1A3956D46DE8}") = "Engine", "Engine", "{E34CA8B9-174B-4249-940D-1371D481368D}"
EndProject
Project("{FAE04EC0-301F-11D3-BF4B-00C04F79EFBC}") = "Tree", "Searching\Tree.csproj", "{1AF8D82A-3145-43A8-AB87-FC7A11326EE3}"
EndProject
Global
	GlobalSection(SolutionConfigurationPlatforms) = preSolution
		Debug|Any CPU = Debug|Any CPU
		Debug|x64 = Debug|x64
		Debug|x86 = Debug|x86
		Release|Any CPU = Release|Any CPU
		Release|x64 = Release|x64
		Release|x86 = Release|x86
	EndGlobalSection
	GlobalSection(ProjectConfigurationPlatforms) = postSolution
		{9CAE7664-9B7D-42E1-8238-E1802B80ADC7}.Debug|Any CPU.ActiveCfg = Debug|Any CPU
		{9CAE7664-9B7D-42E1-8238-E1802B80ADC7}.Debug|Any CPU.Build.0 = Debug|Any CPU
		{9CAE7664-9B7D-42E1-8238-E1802B80ADC7}.Debug|x64.ActiveCfg = Debug|x64
		{9CAE7664-9B7D-42E1-8238-E1802B80ADC7}.Debug|x64.Build.0 = Debug|x64
		{9CAE7664-9B7D-42E1-8238-E1802B80ADC7}.Debug|x86.ActiveCfg = Debug|x86
		{9CAE7664-9B7D-42E1-8238-E1802B80ADC7}.Debug|x86.Build.0 = Debug|x86
		{9CAE7664-9B7D-42E1-8238-E1802B80ADC7}.Release|Any CPU.ActiveCfg = Release|Any CPU
		{9CAE7664-9B7D-42E1-8238-E1802B80ADC7}.Release|Any CPU.Build.0 = Release|Any CPU
		{9CAE7664-9B7D-42E1-8238-E1802B80ADC7}.Release|x64.ActiveCfg = Release|x64
		{9CAE7664-9B7D-42E1-8238-E1802B80ADC7}.Release|x64.Build.0 = Release|x64
		{9CAE7664-9B7D-42E1-8238-E1802B80ADC7}.Release|x86.ActiveCfg = Release|x86
		{9CAE7664-9B7D-42E1-8238-E1802B80ADC7}.Release|x86.Build.0 = Release|x86
		{E8B4BC60-D3E0-40AF-81FB-C07975343D86}.Debug|Any CPU.ActiveCfg = Debug|Any CPU
		{E8B4BC60-D3E0-40AF-81FB-C07975343D86}.Debug|Any CPU.Build.0 = Debug|Any CPU
		{E8B4BC60-D3E0-40AF-81FB-C07975343D86}.Debug|x64.ActiveCfg = Debug|x64
		{E8B4BC60-D3E0-40AF-81FB-C07975343D86}.Debug|x64.Build.0 = Debug|x64
		{E8B4BC60-D3E0-40AF-81FB-C07975343D86}.Debug|x86.ActiveCfg = Debug|x86
		{E8B4BC60-D3E0-40AF-81FB-C07975343D86}.Debug|x86.Build.0 = Debug|x86
		{E8B4BC60-D3E0-40AF-81FB-C07975343D86}.Release|Any CPU.ActiveCfg = Release|Any CPU
		{E8B4BC60-D3E0-40AF-81FB-C07975343D86}.Release|Any CPU.Build.0 = Release|Any CPU
		{E8B4BC60-D3E0-40AF-81FB-C07975343D86}.Release|x64.ActiveCfg = Release|x64
		{E8B4BC60-D3E0-40AF-81FB-C07975343D86}.Release|x64.Build.0 = Release|x64
		{E8B4BC60-D3E0-40AF-81FB-C07975343D86}.Release|x86.ActiveCfg = Release|x86
		{E8B4BC60-D3E0-40AF-81FB-C07975343D86}.Release|x86.Build.0 = Release|x86
		{9A2E7200-E9B2-4E1B-87E1-70D9251524F5}.Debug|Any CPU.ActiveCfg = Debug|Any CPU
		{9A2E7200-E9B2-4E1B-87E1-70D9251524F5}.Debug|Any CPU.Build.0 = Debug|Any CPU
		{9A2E7200-E9B2-4E1B-87E1-70D9251524F5}.Debug|x64.ActiveCfg = Debug|x64
		{9A2E7200-E9B2-4E1B-87E1-70D9251524F5}.Debug|x64.Build.0 = Debug|x64
		{9A2E7200-E9B2-4E1B-87E1-70D9251524F5}.Debug|x86.ActiveCfg = Debug|x86
		{9A2E7200-E9B2-4E1B-87E1-70D9251524F5}.Debug|x86.Build.0 = Debug|x86
		{9A2E7200-E9B2-4E1B-87E1-70D9251524F5}.Release|Any CPU.ActiveCfg = Release|Any CPU
		{9A2E7200-E9B2-4E1B-87E1-70D9251524F5}.Release|Any CPU.Build.0 = Release|Any CPU
		{9A2E7200-E9B2-4E1B-87E1-70D9251524F5}.Release|x64.ActiveCfg = Release|x64
		{9A2E7200-E9B2-4E1B-87E1-70D9251524F5}.Release|x64.Build.0 = Release|x64
		{9A2E7200-E9B2-4E1B-87E1-70D9251524F5}.Release|x86.ActiveCfg = Release|x86
		{9A2E7200-E9B2-4E1B-87E1-70D9251524F5}.Release|x86.Build.0 = Release|x86
		{C273F817-F6E6-43BD-AD96-D6700BA5B219}.Debug|Any CPU.ActiveCfg = Debug|Any CPU
		{C273F817-F6E6-43BD-AD96-D6700BA5B219}.Debug|Any CPU.Build.0 = Debug|Any CPU
		{C273F817-F6E6-43BD-AD96-D6700BA5B219}.Debug|x64.ActiveCfg = Debug|x64
		{C273F817-F6E6-43BD-AD96-D6700BA5B219}.Debug|x64.Build.0 = Debug|x64
		{C273F817-F6E6-43BD-AD96-D6700BA5B219}.Debug|x86.ActiveCfg = Debug|x86
		{C273F817-F6E6-43BD-AD96-D6700BA5B219}.Debug|x86.Build.0 = Debug|x86
		{C273F817-F6E6-43BD-AD96-D6700BA5B219}.Release|Any CPU.ActiveCfg = Release|Any CPU
		{C273F817-F6E6-43BD-AD96-D6700BA5B219}.Release|Any CPU.Build.0 = Release|Any CPU
		{C273F817-F6E6-43BD-AD96-D6700BA5B219}.Release|x64.ActiveCfg = Release|x64
		{C273F817-F6E6-43BD-AD96-D6700BA5B219}.Release|x64.Build.0 = Release|x64
		{C273F817-F6E6-43BD-AD96-D6700BA5B219}.Release|x86.ActiveCfg = Release|x86
		{C273F817-F6E6-43BD-AD96-D6700BA5B219}.Release|x86.Build.0 = Release|x86
		{8EDF4429-251A-416D-BB68-93F227191BCF}.Debug|Any CPU.ActiveCfg = Debug|Any CPU
		{8EDF4429-251A-416D-BB68-93F227191BCF}.Debug|Any CPU.Build.0 = Debug|Any CPU
		{8EDF4429-251A-416D-BB68-93F227191BCF}.Debug|x64.ActiveCfg = Debug|Any CPU
		{8EDF4429-251A-416D-BB68-93F227191BCF}.Debug|x86.ActiveCfg = Debug|Any CPU
		{8EDF4429-251A-416D-BB68-93F227191BCF}.Release|Any CPU.ActiveCfg = Release|Any CPU
		{8EDF4429-251A-416D-BB68-93F227191BCF}.Release|Any CPU.Build.0 = Release|Any CPU
		{8EDF4429-251A-416D-BB68-93F227191BCF}.Release|x64.ActiveCfg = Release|Any CPU
		{8EDF4429-251A-416D-BB68-93F227191BCF}.Release|x86.ActiveCfg = Release|Any CPU
		{84D7FD11-9809-4FE0-8A23-130B7FD043CE}.Debug|Any CPU.ActiveCfg = Debug|Any CPU
		{84D7FD11-9809-4FE0-8A23-130B7FD043CE}.Debug|Any CPU.Build.0 = Debug|Any CPU
		{84D7FD11-9809-4FE0-8A23-130B7FD043CE}.Debug|x64.ActiveCfg = Debug|x64
		{84D7FD11-9809-4FE0-8A23-130B7FD043CE}.Debug|x64.Build.0 = Debug|x64
		{84D7FD11-9809-4FE0-8A23-130B7FD043CE}.Debug|x86.ActiveCfg = Debug|x86
		{84D7FD11-9809-4FE0-8A23-130B7FD043CE}.Debug|x86.Build.0 = Debug|x86
		{84D7FD11-9809-4FE0-8A23-130B7FD043CE}.Release|Any CPU.ActiveCfg = Release|Any CPU
		{84D7FD11-9809-4FE0-8A23-130B7FD043CE}.Release|Any CPU.Build.0 = Release|Any CPU
		{84D7FD11-9809-4FE0-8A23-130B7FD043CE}.Release|x64.ActiveCfg = Release|x64
		{84D7FD11-9809-4FE0-8A23-130B7FD043CE}.Release|x64.Build.0 = Release|x64
		{84D7FD11-9809-4FE0-8A23-130B7FD043CE}.Release|x86.ActiveCfg = Release|x86
		{84D7FD11-9809-4FE0-8A23-130B7FD043CE}.Release|x86.Build.0 = Release|x86
		{1AF8D82A-3145-43A8-AB87-FC7A11326EE3}.Debug|Any CPU.ActiveCfg = Debug|Any CPU
		{1AF8D82A-3145-43A8-AB87-FC7A11326EE3}.Debug|Any CPU.Build.0 = Debug|Any CPU
		{1AF8D82A-3145-43A8-AB87-FC7A11326EE3}.Debug|x64.ActiveCfg = Debug|x64
		{1AF8D82A-3145-43A8-AB87-FC7A11326EE3}.Debug|x64.Build.0 = Debug|x64
		{1AF8D82A-3145-43A8-AB87-FC7A11326EE3}.Debug|x86.ActiveCfg = Debug|x86
		{1AF8D82A-3145-43A8-AB87-FC7A11326EE3}.Debug|x86.Build.0 = Debug|x86
		{1AF8D82A-3145-43A8-AB87-FC7A11326EE3}.Release|Any CPU.ActiveCfg = Release|Any CPU
		{1AF8D82A-3145-43A8-AB87-FC7A11326EE3}.Release|Any CPU.Build.0 = Release|Any CPU
		{1AF8D82A-3145-43A8-AB87-FC7A11326EE3}.Release|x64.ActiveCfg = Release|x64
		{1AF8D82A-3145-43A8-AB87-FC7A11326EE3}.Release|x64.Build.0 = Release|x64
		{1AF8D82A-3145-43A8-AB87-FC7A11326EE3}.Release|x86.ActiveCfg = Release|x86
		{1AF8D82A-3145-43A8-AB87-FC7A11326EE3}.Release|x86.Build.0 = Release|x86
	EndGlobalSection
	GlobalSection(SolutionProperties) = preSolution
		HideSolutionNode = FALSE
	EndGlobalSection
	GlobalSection(NestedProjects) = preSolution
		{9CAE7664-9B7D-42E1-8238-E1802B80ADC7} = {E34CA8B9-174B-4249-940D-1371D481368D}
		{E8B4BC60-D3E0-40AF-81FB-C07975343D86} = {E5A0333E-3A9A-4811-8DD9-0CC200FC5944}
		{9A2E7200-E9B2-4E1B-87E1-70D9251524F5} = {47DBEE45-6B61-4720-8E97-985D93B637A9}
		{84D7FD11-9809-4FE0-8A23-130B7FD043CE} = {47DBEE45-6B61-4720-8E97-985D93B637A9}
		{1AF8D82A-3145-43A8-AB87-FC7A11326EE3} = {E34CA8B9-174B-4249-940D-1371D481368D}
	EndGlobalSection
EndGlobal
